# This file was autogenerated by Stack.
# You should not edit this file by hand.
# For more information, please see the documentation at:
#   https://docs.haskellstack.org/en/stable/topics/lock_files

packages: []
snapshots:
- completed:
    sha256: cb7d0b9185684418fac8da3353d4054f002a98d065b70d501dd6b93cc3289fef
    size: 757765
    url: https://raw.githubusercontent.com/commercialhaskell/stackage-snapshots/master/nightly/2026/7/12.yaml
  original: nightly-2026-07-12
